# This file is automatically @generated by Cargo.
# It is not intended for manual editing.
version = 3

[[package]]
name = "grouping_related_code_in_modules"
version = "0.1.0"

[[package]]
name = "understanding_package_and_crates"
version = "0.1.0"
dependencies = [
 "grouping_related_code_in_modules",
]
